<?xml version="1.0" encoding="utf-8"?>
<Project ToolsVersion="4.0" xmlns="http://schemas.microsoft.com/developer/msbuild/2003">
  <ItemGroup>
    <None Include="YALP-MTA.def" />
  </ItemGroup>
  <ItemGroup>
    <Filter Include="src">
      <UniqueIdentifier>{e28e331d-5817-43e3-9131-b8aa81206f11}</UniqueIdentifier>
    </Filter>
    <Filter Include="lib">
      <UniqueIdentifier>{b822184e-4008-460e-a5ff-10403d18fa1f}</UniqueIdentifier>
    </Filter>
    <Filter Include="lib\lua">
      <UniqueIdentifier>{a2be833e-d6ce-456b-82d4-0b0c0dbb8bf8}</UniqueIdentifier>
    </Filter>
    <Filter Include="lib\sdk">
      <UniqueIdentifier>{ac7691f7-2481-405f-8011-084c7b7a8816}</UniqueIdentifier>
    </Filter>
    <Filter Include="lib\sdk\amx">
      <UniqueIdentifier>{a1990b6b-f8c6-4dad-a826-d67faa2b271d}</UniqueIdentifier>
    </Filter>
    <Filter Include="src\fixes">
      <UniqueIdentifier>{43f3aaf1-85e1-419a-92c6-1dd41ab3177f}</UniqueIdentifier>
    </Filter>
  </ItemGroup>
  <ItemGroup>
    <ClInclude Include="lib\lua\lauxlib.h">
      <Filter>lib\lua</Filter>
    </ClInclude>
    <ClInclude Include="lib\lua\lua.h">
      <Filter>lib\lua</Filter>
    </ClInclude>
    <ClInclude Include="lib\lua\luaconf.h">
      <Filter>lib\lua</Filter>
    </ClInclude>
    <ClInclude Include="lib\lua\lualib.h">
      <Filter>lib\lua</Filter>
    </ClInclude>
    <ClInclude Include="lib\sdk\plugin.h">
      <Filter>lib\sdk</Filter>
    </ClInclude>
    <ClInclude Include="lib\sdk\plugincommon.h">
      <Filter>lib\sdk</Filter>
    </ClInclude>
    <ClInclude Include="lib\sdk\amx\amx.h">
      <Filter>lib\sdk\amx</Filter>
    </ClInclude>
    <ClInclude Include="lib\sdk\amx\getch.h">
      <Filter>lib\sdk\amx</Filter>
    </ClInclude>
    <ClInclude Include="lib\sdk\amx\sclinux.h">
      <Filter>lib\sdk\amx</Filter>
    </ClInclude>
    <ClInclude Include="src\lua_api.h">
      <Filter>src</Filter>
    </ClInclude>
    <ClInclude Include="src\lua_lib.h">
      <Filter>src</Filter>
    </ClInclude>
    <ClInclude Include="src\lua_loaders.h">
      <Filter>src</Filter>
    </ClInclude>
    <ClInclude Include="lib\ILuaModuleManager.h">
      <Filter>lib</Filter>
    </ClInclude>
    <ClInclude Include="src\lua_utils.h">
      <Filter>src</Filter>
    </ClInclude>
    <ClInclude Include="src\main.h">
      <Filter>src</Filter>
    </ClInclude>
    <ClInclude Include="src\fixes\linux.h">
      <Filter>src\fixes</Filter>
    </ClInclude>
  </ItemGroup>
  <ItemGroup>
    <ClCompile Include="lib\sdk\amxplugin.cpp">
      <Filter>lib\sdk</Filter>
    </ClCompile>
    <ClCompile Include="src\lua_api.cpp">
      <Filter>src</Filter>
    </ClCompile>
    <ClCompile Include="src\lua_lib.cpp">
      <Filter>src</Filter>
    </ClCompile>
    <ClCompile Include="src\main.cpp">
      <Filter>src</Filter>
    </ClCompile>
    <ClCompile Include="src\lua_loaders.cpp">
      <Filter>src</Filter>
    </ClCompile>
    <ClCompile Include="src\lua_utils.cpp">
      <Filter>src</Filter>
    </ClCompile>
  </ItemGroup>
</Project>